
Microsoft Visual Studio Solution File, Format Version 12.00
# Visual Studio 15
VisualStudioVersion = 15.0.27703.2018
MinimumVisualStudioVersion = 10.0.40219.1
Project("{9A19103F-16F7-4668-BE54-9A1E7A4F7556}") = "ClickHouseMigrator", "src\ClickHouseMigrator\ClickHouseMigrator.csproj", "{2081964D-C484-48E8-9261-B836B0A4A293}"
EndProject
Project("{2150E333-8FDC-42A3-9474-1A3956D46DE8}") = "Solution Items", "Solution Items", "{A5874458-95AA-4C7C-B1CF-70BB5E19A4C5}"
	ProjectSection(SolutionItems) = preProject
		.editorconfig = .editorconfig
		README.md = README.md
	EndProjectSection
EndProject
Global
	GlobalSection(SolutionConfigurationPlatforms) = preSolution
		Debug|Any CPU = Debug|Any CPU
		Release|Any CPU = Release|Any CPU
	EndGlobalSection
	GlobalSection(ProjectConfigurationPlatforms) = postSolution
		{2081964D-C484-48E8-9261-B836B0A4A293}.Debug|Any CPU.ActiveCfg = Debug|Any CPU
		{2081964D-C484-48E8-9261-B836B0A4A293}.Debug|Any CPU.Build.0 = Debug|Any CPU
		{2081964D-C484-48E8-9261-B836B0A4A293}.Release|Any CPU.ActiveCfg = Release|Any CPU
		{2081964D-C484-48E8-9261-B836B0A4A293}.Release|Any CPU.Build.0 = Release|Any CPU
	EndGlobalSection
	GlobalSection(SolutionProperties) = preSolution
		HideSolutionNode = FALSE
	EndGlobalSection
	GlobalSection(ExtensibilityGlobals) = postSolution
		SolutionGuid = {6A8C77BE-05C5-4871-BFCA-15CD40D165A5}
	EndGlobalSection
EndGlobal
